
Microsoft Visual Studio Solution File, Format Version 12.00
# Visual Studio Version 17
VisualStudioVersion = 17.0.32014.148
MinimumVisualStudioVersion = 10.0.40219.1
Project("{FAE04EC0-301F-11D3-BF4B-00C04F79EFBC}") = "CarSystem", "CarSystem\CarSystem.csproj", "{20F0F575-F818-4A53-BD04-DB078208BCFD}"
EndProject
Global
	GlobalSection(SolutionConfigurationPlatforms) = preSolution
		Debug|Any CPU = Debug|Any CPU
		Release|Any CPU = Release|Any CPU
	EndGlobalSection
	GlobalSection(ProjectConfigurationPlatforms) = postSolution
		{20F0F575-F818-4A53-BD04-DB078208BCFD}.Debug|Any CPU.ActiveCfg = Debug|Any CPU
		{20F0F575-F818-4A53-BD04-DB078208BCFD}.Debug|Any CPU.Build.0 = Debug|Any CPU
		{20F0F575-F818-4A53-BD04-DB078208BCFD}.Release|Any CPU.ActiveCfg = Release|Any CPU
		{20F0F575-F818-4A53-BD04-DB078208BCFD}.Release|Any CPU.Build.0 = Release|Any CPU
	EndGlobalSection
	GlobalSection(SolutionProperties) = preSolution
		HideSolutionNode = FALSE
	EndGlobalSection
	GlobalSection(ExtensibilityGlobals) = postSolution
		SolutionGuid = {C2922349-A72A-4E22-A3C5-993D71EFC28C}
	EndGlobalSection
EndGlobal
